Microsoft Visual Studio Solution File, Format Version 12.00
# Visual Studio Version 17
VisualStudioVersion = 17.5.2.0
MinimumVisualStudioVersion = 10.0.40219.1
Project("{2150E333-8FDC-42A3-9474-1A3956D46DE8}") = "src", "src", "{827E0CD3-B72D-47B6-A68D-7590B98EB39B}"
EndProject
Project("{2150E333-8FDC-42A3-9474-1A3956D46DE8}") = "provas", "provas", "{DD109EBB-EF56-904D-ABF6-26AC02266FC0}"
EndProject
Project("{2150E333-8FDC-42A3-9474-1A3956D46DE8}") = "Atividades", "Atividades", "{2D9B3690-49E3-B043-B0F7-68071DA542BA}"
EndProject
Project("{FAE04EC0-301F-11D3-BF4B-00C04F79EFBC}") = "arv_bin_pesq", "src\ArvoreBinaria\arv_bin_pesq.csproj", "{F1A301B1-0A46-0C21-0C78-3F8D9D5297D4}"
EndProject
Project("{FAE04EC0-301F-11D3-BF4B-00C04F79EFBC}") = "tad_lista", "src\Lista\tad_lista.csproj", "{AB1F29C2-6B6A-CD42-7434-B149A471154A}"
EndProject
Project("{FAE04EC0-301F-11D3-BF4B-00C04F79EFBC}") = "PilhaVP", "src\PilhaVP\PilhaVP.csproj", "{75A55450-8CCC-8F99-E5B6-03301F7B89B2}"
EndProject
Project("{FAE04EC0-301F-11D3-BF4B-00C04F79EFBC}") = "pilha_encadeada", "src\pilha_encadeada\pilha_encadeada.csproj", "{405E642D-4BF3-C195-5ACE-8680D8B4B74E}"
EndProject
Project("{FAE04EC0-301F-11D3-BF4B-00C04F79EFBC}") = "tad_vetor", "src\Vetor\tad_vetor.csproj", "{C1D41325-6AB7-F9C6-6665-70407D3353E3}"
EndProject
Project("{FAE04EC0-301F-11D3-BF4B-00C04F79EFBC}") = "Av2", "provas\Av2\Av2.csproj", "{F855FB88-861A-6C63-4FBE-6BE869C8635D}"
EndProject
Project("{FAE04EC0-301F-11D3-BF4B-00C04F79EFBC}") = "q11-fila", "Atividades\q11-fila\q11-fila.csproj", "{04AE1188-B3A6-FBC5-91FB-9E1851C0AD75}"
EndProject
Project("{2150E333-8FDC-42A3-9474-1A3956D46DE8}") = "fila", "fila", "{6EFEC275-F87F-132B-E02D-9F20F816237A}"
EndProject
Project("{FAE04EC0-301F-11D3-BF4B-00C04F79EFBC}") = "fila_duas_pilhas", "src\fila\fila_duas_pilhas\fila_duas_pilhas.csproj", "{E9E1DB26-83BC-32CB-A865-4B33A3180085}"
EndProject
Project("{FAE04EC0-301F-11D3-BF4B-00C04F79EFBC}") = "fila_circular", "src\fila\fila_circular\fila_circular.csproj", "{D045038C-6182-81B0-7153-9C8ECAC0DE30}"
EndProject
Project("{2150E333-8FDC-42A3-9474-1A3956D46DE8}") = "deque-listas", "deque-listas", "{2C8536B9-69AF-F927-9807-157A3650A862}"
EndProject
Project("{FAE04EC0-301F-11D3-BF4B-00C04F79EFBC}") = "atvd01", "Atividades\deque-listas\atvd01\atvd01.csproj", "{958DB018-65CD-6F47-1803-DC69BA0DFDD3}"
EndProject
Global
	GlobalSection(SolutionConfigurationPlatforms) = preSolution
		Debug|Any CPU = Debug|Any CPU
		Release|Any CPU = Release|Any CPU
	EndGlobalSection
	GlobalSection(ProjectConfigurationPlatforms) = postSolution
		{F1A301B1-0A46-0C21-0C78-3F8D9D5297D4}.Debug|Any CPU.ActiveCfg = Debug|Any CPU
		{F1A301B1-0A46-0C21-0C78-3F8D9D5297D4}.Debug|Any CPU.Build.0 = Debug|Any CPU
		{F1A301B1-0A46-0C21-0C78-3F8D9D5297D4}.Release|Any CPU.ActiveCfg = Release|Any CPU
		{F1A301B1-0A46-0C21-0C78-3F8D9D5297D4}.Release|Any CPU.Build.0 = Release|Any CPU
		{AB1F29C2-6B6A-CD42-7434-B149A471154A}.Debug|Any CPU.ActiveCfg = Debug|Any CPU
		{AB1F29C2-6B6A-CD42-7434-B149A471154A}.Debug|Any CPU.Build.0 = Debug|Any CPU
		{AB1F29C2-6B6A-CD42-7434-B149A471154A}.Release|Any CPU.ActiveCfg = Release|Any CPU
		{AB1F29C2-6B6A-CD42-7434-B149A471154A}.Release|Any CPU.Build.0 = Release|Any CPU
		{75A55450-8CCC-8F99-E5B6-03301F7B89B2}.Debug|Any CPU.ActiveCfg = Debug|Any CPU
		{75A55450-8CCC-8F99-E5B6-03301F7B89B2}.Debug|Any CPU.Build.0 = Debug|Any CPU
		{75A55450-8CCC-8F99-E5B6-03301F7B89B2}.Release|Any CPU.ActiveCfg = Release|Any CPU
		{75A55450-8CCC-8F99-E5B6-03301F7B89B2}.Release|Any CPU.Build.0 = Release|Any CPU
		{405E642D-4BF3-C195-5ACE-8680D8B4B74E}.Debug|Any CPU.ActiveCfg = Debug|Any CPU
		{405E642D-4BF3-C195-5ACE-8680D8B4B74E}.Debug|Any CPU.Build.0 = Debug|Any CPU
		{405E642D-4BF3-C195-5ACE-8680D8B4B74E}.Release|Any CPU.ActiveCfg = Release|Any CPU
		{405E642D-4BF3-C195-5ACE-8680D8B4B74E}.Release|Any CPU.Build.0 = Release|Any CPU
		{C1D41325-6AB7-F9C6-6665-70407D3353E3}.Debug|Any CPU.ActiveCfg = Debug|Any CPU
		{C1D41325-6AB7-F9C6-6665-70407D3353E3}.Debug|Any CPU.Build.0 = Debug|Any CPU
		{C1D41325-6AB7-F9C6-6665-70407D3353E3}.Release|Any CPU.ActiveCfg = Release|Any CPU
		{C1D41325-6AB7-F9C6-6665-70407D3353E3}.Release|Any CPU.Build.0 = Release|Any CPU
		{F855FB88-861A-6C63-4FBE-6BE869C8635D}.Debug|Any CPU.ActiveCfg = Debug|Any CPU
		{F855FB88-861A-6C63-4FBE-6BE869C8635D}.Debug|Any CPU.Build.0 = Debug|Any CPU
		{F855FB88-861A-6C63-4FBE-6BE869C8635D}.Release|Any CPU.ActiveCfg = Release|Any CPU
		{F855FB88-861A-6C63-4FBE-6BE869C8635D}.Release|Any CPU.Build.0 = Release|Any CPU
		{04AE1188-B3A6-FBC5-91FB-9E1851C0AD75}.Debug|Any CPU.ActiveCfg = Debug|Any CPU
		{04AE1188-B3A6-FBC5-91FB-9E1851C0AD75}.Debug|Any CPU.Build.0 = Debug|Any CPU
		{04AE1188-B3A6-FBC5-91FB-9E1851C0AD75}.Release|Any CPU.ActiveCfg = Release|Any CPU
		{04AE1188-B3A6-FBC5-91FB-9E1851C0AD75}.Release|Any CPU.Build.0 = Release|Any CPU
		{E9E1DB26-83BC-32CB-A865-4B33A3180085}.Debug|Any CPU.ActiveCfg = Debug|Any CPU
		{E9E1DB26-83BC-32CB-A865-4B33A3180085}.Debug|Any CPU.Build.0 = Debug|Any CPU
		{E9E1DB26-83BC-32CB-A865-4B33A3180085}.Release|Any CPU.ActiveCfg = Release|Any CPU
		{E9E1DB26-83BC-32CB-A865-4B33A3180085}.Release|Any CPU.Build.0 = Release|Any CPU
		{D045038C-6182-81B0-7153-9C8ECAC0DE30}.Debug|Any CPU.ActiveCfg = Debug|Any CPU
		{D045038C-6182-81B0-7153-9C8ECAC0DE30}.Debug|Any CPU.Build.0 = Debug|Any CPU
		{D045038C-6182-81B0-7153-9C8ECAC0DE30}.Release|Any CPU.ActiveCfg = Release|Any CPU
		{D045038C-6182-81B0-7153-9C8ECAC0DE30}.Release|Any CPU.Build.0 = Release|Any CPU
		{958DB018-65CD-6F47-1803-DC69BA0DFDD3}.Debug|Any CPU.ActiveCfg = Debug|Any CPU
		{958DB018-65CD-6F47-1803-DC69BA0DFDD3}.Debug|Any CPU.Build.0 = Debug|Any CPU
		{958DB018-65CD-6F47-1803-DC69BA0DFDD3}.Release|Any CPU.ActiveCfg = Release|Any CPU
		{958DB018-65CD-6F47-1803-DC69BA0DFDD3}.Release|Any CPU.Build.0 = Release|Any CPU
	EndGlobalSection
	GlobalSection(SolutionProperties) = preSolution
		HideSolutionNode = FALSE
	EndGlobalSection
	GlobalSection(NestedProjects) = preSolution
		{F1A301B1-0A46-0C21-0C78-3F8D9D5297D4} = {827E0CD3-B72D-47B6-A68D-7590B98EB39B}
		{AB1F29C2-6B6A-CD42-7434-B149A471154A} = {827E0CD3-B72D-47B6-A68D-7590B98EB39B}
		{75A55450-8CCC-8F99-E5B6-03301F7B89B2} = {827E0CD3-B72D-47B6-A68D-7590B98EB39B}
		{405E642D-4BF3-C195-5ACE-8680D8B4B74E} = {827E0CD3-B72D-47B6-A68D-7590B98EB39B}
		{C1D41325-6AB7-F9C6-6665-70407D3353E3} = {827E0CD3-B72D-47B6-A68D-7590B98EB39B}
		{F855FB88-861A-6C63-4FBE-6BE869C8635D} = {DD109EBB-EF56-904D-ABF6-26AC02266FC0}
		{04AE1188-B3A6-FBC5-91FB-9E1851C0AD75} = {2D9B3690-49E3-B043-B0F7-68071DA542BA}
		{6EFEC275-F87F-132B-E02D-9F20F816237A} = {827E0CD3-B72D-47B6-A68D-7590B98EB39B}
		{E9E1DB26-83BC-32CB-A865-4B33A3180085} = {6EFEC275-F87F-132B-E02D-9F20F816237A}
		{D045038C-6182-81B0-7153-9C8ECAC0DE30} = {6EFEC275-F87F-132B-E02D-9F20F816237A}
		{2C8536B9-69AF-F927-9807-157A3650A862} = {2D9B3690-49E3-B043-B0F7-68071DA542BA}
		{958DB018-65CD-6F47-1803-DC69BA0DFDD3} = {2C8536B9-69AF-F927-9807-157A3650A862}
	EndGlobalSection
	GlobalSection(ExtensibilityGlobals) = postSolution
		SolutionGuid = {C235A30B-886F-40B8-B675-15986F40A9B5}
	EndGlobalSection
EndGlobal
